
Microsoft Visual Studio Solution File, Format Version 12.00
# Visual Studio 15
VisualStudioVersion = 15.0.26430.15
MinimumVisualStudioVersion = 10.0.40219.1
Project("{FAE04EC0-301F-11D3-BF4B-00C04F79EFBC}") = "CalculadoraFiguras.WcfOperaciones", "CalculadoraFiguras.WcfOperaciones\CalculadoraFiguras.WcfOperaciones.csproj", "{C2526F1D-DC4C-4438-946B-51CC5FA4FB5F}"
EndProject
Project("{FAE04EC0-301F-11D3-BF4B-00C04F79EFBC}") = "CalculadoraFiguras.UnitTests", "CalculadoraFiguras.UnitTests\CalculadoraFiguras.UnitTests.csproj", "{8B9BDD7E-4075-4E2A-B308-D39A8B4D4FC8}"
EndProject
Global
	GlobalSection(SolutionConfigurationPlatforms) = preSolution
		Debug|Any CPU = Debug|Any CPU
		Release|Any CPU = Release|Any CPU
	EndGlobalSection
	GlobalSection(ProjectConfigurationPlatforms) = postSolution
		{C2526F1D-DC4C-4438-946B-51CC5FA4FB5F}.Debug|Any CPU.ActiveCfg = Debug|Any CPU
		{C2526F1D-DC4C-4438-946B-51CC5FA4FB5F}.Debug|Any CPU.Build.0 = Debug|Any CPU
		{C2526F1D-DC4C-4438-946B-51CC5FA4FB5F}.Release|Any CPU.ActiveCfg = Release|Any CPU
		{C2526F1D-DC4C-4438-946B-51CC5FA4FB5F}.Release|Any CPU.Build.0 = Release|Any CPU
		{8B9BDD7E-4075-4E2A-B308-D39A8B4D4FC8}.Debug|Any CPU.ActiveCfg = Debug|Any CPU
		{8B9BDD7E-4075-4E2A-B308-D39A8B4D4FC8}.Debug|Any CPU.Build.0 = Debug|Any CPU
		{8B9BDD7E-4075-4E2A-B308-D39A8B4D4FC8}.Release|Any CPU.ActiveCfg = Release|Any CPU
		{8B9BDD7E-4075-4E2A-B308-D39A8B4D4FC8}.Release|Any CPU.Build.0 = Release|Any CPU
	EndGlobalSection
	GlobalSection(SolutionProperties) = preSolution
		HideSolutionNode = FALSE
	EndGlobalSection
EndGlobal
